
Microsoft Visual Studio Solution File, Format Version 12.00
# Visual Studio 15
VisualStudioVersion = 15.0.26730.12
MinimumVisualStudioVersion = 10.0.40219.1
Project("{9A19103F-16F7-4668-BE54-9A1E7A4F7556}") = "Snap.Notes.Core", "src\Snap.Notes.Core\Snap.Notes.Core.csproj", "{C8DF7DFF-4406-4725-9604-1910AE768E41}"
EndProject
Project("{9A19103F-16F7-4668-BE54-9A1E7A4F7556}") = "Snap.Notes.Infrastructure", "src\Snap.Notes.Infrastructure\Snap.Notes.Infrastructure.csproj", "{65B40FA7-8AB2-444A-9C28-4FC372534A7B}"
EndProject
Project("{9A19103F-16F7-4668-BE54-9A1E7A4F7556}") = "Snap.Notes.Api", "src\Snap.Notes.Api\Snap.Notes.Api.csproj", "{A8A0E34A-B006-4A18-9B5A-96EC7C29BB3C}"
EndProject
Project("{9A19103F-16F7-4668-BE54-9A1E7A4F7556}") = "Snap.Notes.Tests", "test\Snap.Notes.Tests\Snap.Notes.Tests.csproj", "{D1675008-A0B6-49AD-B2CA-5AAA0E6EFAE3}"
EndProject
Project("{FAE04EC0-301F-11D3-BF4B-00C04F79EFBC}") = "Snap.Notes.Web", "src\Snap.Notes.Web\Snap.Notes.Web.csproj", "{A89EFB88-F4B9-4CAE-A4FB-232C72A04527}"
EndProject
Global
	GlobalSection(SolutionConfigurationPlatforms) = preSolution
		Debug|Any CPU = Debug|Any CPU
		Release|Any CPU = Release|Any CPU
	EndGlobalSection
	GlobalSection(ProjectConfigurationPlatforms) = postSolution
		{C8DF7DFF-4406-4725-9604-1910AE768E41}.Debug|Any CPU.ActiveCfg = Debug|Any CPU
		{C8DF7DFF-4406-4725-9604-1910AE768E41}.Debug|Any CPU.Build.0 = Debug|Any CPU
		{C8DF7DFF-4406-4725-9604-1910AE768E41}.Release|Any CPU.ActiveCfg = Release|Any CPU
		{C8DF7DFF-4406-4725-9604-1910AE768E41}.Release|Any CPU.Build.0 = Release|Any CPU
		{65B40FA7-8AB2-444A-9C28-4FC372534A7B}.Debug|Any CPU.ActiveCfg = Debug|Any CPU
		{65B40FA7-8AB2-444A-9C28-4FC372534A7B}.Debug|Any CPU.Build.0 = Debug|Any CPU
		{65B40FA7-8AB2-444A-9C28-4FC372534A7B}.Release|Any CPU.ActiveCfg = Release|Any CPU
		{65B40FA7-8AB2-444A-9C28-4FC372534A7B}.Release|Any CPU.Build.0 = Release|Any CPU
		{A8A0E34A-B006-4A18-9B5A-96EC7C29BB3C}.Debug|Any CPU.ActiveCfg = Debug|Any CPU
		{A8A0E34A-B006-4A18-9B5A-96EC7C29BB3C}.Debug|Any CPU.Build.0 = Debug|Any CPU
		{A8A0E34A-B006-4A18-9B5A-96EC7C29BB3C}.Release|Any CPU.ActiveCfg = Release|Any CPU
		{A8A0E34A-B006-4A18-9B5A-96EC7C29BB3C}.Release|Any CPU.Build.0 = Release|Any CPU
		{D1675008-A0B6-49AD-B2CA-5AAA0E6EFAE3}.Debug|Any CPU.ActiveCfg = Debug|Any CPU
		{D1675008-A0B6-49AD-B2CA-5AAA0E6EFAE3}.Debug|Any CPU.Build.0 = Debug|Any CPU
		{D1675008-A0B6-49AD-B2CA-5AAA0E6EFAE3}.Release|Any CPU.ActiveCfg = Release|Any CPU
		{D1675008-A0B6-49AD-B2CA-5AAA0E6EFAE3}.Release|Any CPU.Build.0 = Release|Any CPU
		{A89EFB88-F4B9-4CAE-A4FB-232C72A04527}.Debug|Any CPU.ActiveCfg = Debug|Any CPU
		{A89EFB88-F4B9-4CAE-A4FB-232C72A04527}.Debug|Any CPU.Build.0 = Debug|Any CPU
		{A89EFB88-F4B9-4CAE-A4FB-232C72A04527}.Release|Any CPU.ActiveCfg = Release|Any CPU
		{A89EFB88-F4B9-4CAE-A4FB-232C72A04527}.Release|Any CPU.Build.0 = Release|Any CPU
	EndGlobalSection
	GlobalSection(SolutionProperties) = preSolution
		HideSolutionNode = FALSE
	EndGlobalSection
	GlobalSection(ExtensibilityGlobals) = postSolution
		SolutionGuid = {28D6594C-85A0-479B-90F1-7E6AD9154A96}
	EndGlobalSection
EndGlobal
